
Microsoft Visual Studio Solution File, Format Version 12.00
# Visual Studio Version 17
VisualStudioVersion = 17.5.002.0
MinimumVisualStudioVersion = 10.0.40219.1
Project("{9A19103F-16F7-4668-BE54-9A1E7A4F7556}") = "RNGService", "RNGService.csproj", "{12242C7E-B965-4648-8B57-0316B60B08E9}"
EndProject
Project("{FAE04EC0-301F-11D3-BF4B-00C04F79EFBC}") = "Tests", "..\Tests\Tests.csproj", "{164FBF19-C7E6-446D-A8C4-5C9D1F2CEB57}"
EndProject
Global
	GlobalSection(SolutionConfigurationPlatforms) = preSolution
		Debug|Any CPU = Debug|Any CPU
		Release|Any CPU = Release|Any CPU
	EndGlobalSection
	GlobalSection(ProjectConfigurationPlatforms) = postSolution
		{12242C7E-B965-4648-8B57-0316B60B08E9}.Debug|Any CPU.ActiveCfg = Debug|Any CPU
		{12242C7E-B965-4648-8B57-0316B60B08E9}.Debug|Any CPU.Build.0 = Debug|Any CPU
		{12242C7E-B965-4648-8B57-0316B60B08E9}.Release|Any CPU.ActiveCfg = Release|Any CPU
		{12242C7E-B965-4648-8B57-0316B60B08E9}.Release|Any CPU.Build.0 = Release|Any CPU
		{164FBF19-C7E6-446D-A8C4-5C9D1F2CEB57}.Debug|Any CPU.ActiveCfg = Debug|Any CPU
		{164FBF19-C7E6-446D-A8C4-5C9D1F2CEB57}.Debug|Any CPU.Build.0 = Debug|Any CPU
		{164FBF19-C7E6-446D-A8C4-5C9D1F2CEB57}.Release|Any CPU.ActiveCfg = Release|Any CPU
		{164FBF19-C7E6-446D-A8C4-5C9D1F2CEB57}.Release|Any CPU.Build.0 = Release|Any CPU
	EndGlobalSection
	GlobalSection(SolutionProperties) = preSolution
		HideSolutionNode = FALSE
	EndGlobalSection
	GlobalSection(ExtensibilityGlobals) = postSolution
		SolutionGuid = {F0AF9147-99D9-4055-8D54-B496D396132A}
	EndGlobalSection
EndGlobal
